
Microsoft Visual Studio Solution File, Format Version 12.00
# Visual Studio Version 17
VisualStudioVersion = 17.14.36616.10 d17.14
MinimumVisualStudioVersion = 10.0.40219.1
Project("{888888A0-9F3D-457C-B088-3A5042F75D52}") = "MphtoKph", "MphtoKph\MphtoKph.pyproj", "{F4765F81-514D-447A-872B-B65EDAA02E79}"
EndProject
Global
	GlobalSection(SolutionConfigurationPlatforms) = preSolution
		Debug|Any CPU = Debug|Any CPU
		Release|Any CPU = Release|Any CPU
	EndGlobalSection
	GlobalSection(ProjectConfigurationPlatforms) = postSolution
		{F4765F81-514D-447A-872B-B65EDAA02E79}.Debug|Any CPU.ActiveCfg = Debug|Any CPU
		{F4765F81-514D-447A-872B-B65EDAA02E79}.Release|Any CPU.ActiveCfg = Release|Any CPU
	EndGlobalSection
	GlobalSection(SolutionProperties) = preSolution
		HideSolutionNode = FALSE
	EndGlobalSection
	GlobalSection(ExtensibilityGlobals) = postSolution
		SolutionGuid = {89957A2A-77E5-429C-B4B6-D8103139332B}
	EndGlobalSection
EndGlobal
